
Microsoft Visual Studio Solution File, Format Version 12.00
# Visual Studio Version 17
VisualStudioVersion = 17.0.32002.185
MinimumVisualStudioVersion = 10.0.40219.1
Project("{FAE04EC0-301F-11D3-BF4B-00C04F79EFBC}") = "PruebaMeta", "PruebaMeta\PruebaMeta.csproj", "{CACFB01F-4984-4E2B-A0D0-59BED22595D1}"
EndProject
Global
	GlobalSection(SolutionConfigurationPlatforms) = preSolution
		Debug|Any CPU = Debug|Any CPU
		Release|Any CPU = Release|Any CPU
	EndGlobalSection
	GlobalSection(ProjectConfigurationPlatforms) = postSolution
		{CACFB01F-4984-4E2B-A0D0-59BED22595D1}.Debug|Any CPU.ActiveCfg = Debug|Any CPU
		{CACFB01F-4984-4E2B-A0D0-59BED22595D1}.Debug|Any CPU.Build.0 = Debug|Any CPU
		{CACFB01F-4984-4E2B-A0D0-59BED22595D1}.Release|Any CPU.ActiveCfg = Release|Any CPU
		{CACFB01F-4984-4E2B-A0D0-59BED22595D1}.Release|Any CPU.Build.0 = Release|Any CPU
	EndGlobalSection
	GlobalSection(SolutionProperties) = preSolution
		HideSolutionNode = FALSE
	EndGlobalSection
	GlobalSection(ExtensibilityGlobals) = postSolution
		SolutionGuid = {3A6BB760-E831-4DCB-8A3D-8E19B58FB551}
	EndGlobalSection
EndGlobal
